// !$*UTF8*$!
{
	archiveVersion = 1;
	classes = {
	};
	objectVersion = 56;
	objects = {

/* Begin PBXBuildFile section */
		C7B6903E2AAD59050056084A /* AppDelegate.swift in Sources */ = {isa = PBXBuildFile; fileRef = C7B6903D2AAD59050056084A /* AppDelegate.swift */; };
		C7B690402AAD59050056084A /* SceneDelegate.swift in Sources */ = {isa = PBXBuildFile; fileRef = C7B6903F2AAD59050056084A /* SceneDelegate.swift */; };
		C7B690422AAD59050056084A /* ViewController.swift in Sources */ = {isa = PBXBuildFile; fileRef = C7B690412AAD59050056084A /* ViewController.swift */; };
		C7B690452AAD59050056084A /* Main.storyboard in Resources */ = {isa = PBXBuildFile; fileRef = C7B690432AAD59050056084A /* Main.storyboard */; };
		C7B690472AAD59060056084A /* Assets.xcassets in Resources */ = {isa = PBXBuildFile; fileRef = C7B690462AAD59060056084A /* Assets.xcassets */; };
		C7B6904A2AAD59060056084A /* LaunchScreen.storyboard in Resources */ = {isa = PBXBuildFile; fileRef = C7B690482AAD59060056084A /* LaunchScreen.storyboard */; };
		C7B690572AAD71870056084A /* StatusBarView.swift in Sources */ = {isa = PBXBuildFile; fileRef = C7B690562AAD71870056084A /* StatusBarView.swift */; };
		C7B690592AAD73220056084A /* StatusBarView.xib in Resources */ = {isa = PBXBuildFile; fileRef = C7B690582AAD73220056084A /* StatusBarView.xib */; };
		C7B6905C2AAD77530056084A /* NibOwnerLoadable.swift in Sources */ = {isa = PBXBuildFile; fileRef = C7B6905B2AAD77530056084A /* NibOwnerLoadable.swift */; };
/* End PBXBuildFile section */

/* Begin PBXFileReference section */
		C7B6903A2AAD59050056084A /* turtle_interview_project.app */ = {isa = PBXFileReference; explicitFileType = wrapper.application; includeInIndex = 0; path = turtle_interview_project.app; sourceTree = BUILT_PRODUCTS_DIR; };
		C7B6903D2AAD59050056084A /* AppDelegate.swift */ = {isa = PBXFileReference; lastKnownFileType = sourcecode.swift; path = AppDelegate.swift; sourceTree = "<group>"; };
		C7B6903F2AAD59050056084A /* SceneDelegate.swift */ = {isa = PBXFileReference; lastKnownFileType = sourcecode.swift; path = SceneDelegate.swift; sourceTree = "<group>"; };
		C7B690412AAD59050056084A /* ViewController.swift */ = {isa = PBXFileReference; lastKnownFileType = sourcecode.swift; path = ViewController.swift; sourceTree = "<group>"; };
		C7B690442AAD59050056084A /* Base */ = {isa = PBXFileReference; lastKnownFileType = file.storyboard; name = Base; path = Base.lproj/Main.storyboard; sourceTree = "<group>"; };
		C7B690462AAD59060056084A /* Assets.xcassets */ = {isa = PBXFileReference; lastKnownFileType = folder.assetcatalog; path = Assets.xcassets; sourceTree = "<group>"; };
		C7B690492AAD59060056084A /* Base */ = {isa = PBXFileReference; lastKnownFileType = file.storyboard; name = Base; path = Base.lproj/LaunchScreen.storyboard; sourceTree = "<group>"; };
		C7B6904B2AAD59060056084A /* Info.plist */ = {isa = PBXFileReference; lastKnownFileType = text.plist.xml; path = Info.plist; sourceTree = "<group>"; };
		C7B690562AAD71870056084A /* StatusBarView.swift */ = {isa = PBXFileReference; lastKnownFileType = sourcecode.swift; path = StatusBarView.swift; sourceTree = "<group>"; };
		C7B690582AAD73220056084A /* StatusBarView.xib */ = {isa = PBXFileReference; lastKnownFileType = file.xib; path = StatusBarView.xib; sourceTree = "<group>"; };
		C7B6905B2AAD77530056084A /* NibOwnerLoadable.swift */ = {isa = PBXFileReference; lastKnownFileType = sourcecode.swift; path = NibOwnerLoadable.swift; sourceTree = "<group>"; };
/* End PBXFileReference section */

/* Begin PBXFrameworksBuildPhase section */
		C7B690372AAD59050056084A /* Frameworks */ = {
			isa = PBXFrameworksBuildPhase;
			buildActionMask = 2147483647;
			files = (
			);
			runOnlyForDeploymentPostprocessing = 0;
		};
/* End PBXFrameworksBuildPhase section */

/* Begin PBXGroup section */
		C7B690312AAD59050056084A = {
			isa = PBXGroup;
			children = (
				C7B6903C2AAD59050056084A /* turtle_interview_project */,
				C7B6903B2AAD59050056084A /* Products */,
			);
			sourceTree = "<group>";
		};
		C7B6903B2AAD59050056084A /* Products */ = {
			isa = PBXGroup;
			children = (
				C7B6903A2AAD59050056084A /* turtle_interview_project.app */,
			);
			name = Products;
			sourceTree = "<group>";
		};
		C7B6903C2AAD59050056084A /* turtle_interview_project */ = {
			isa = PBXGroup;
			children = (
				C7B6905D2AAD86890056084A /* SupportingFiles */,
				C7B6905A2AAD773F0056084A /* Helper */,
				C7B690512AAD6CD50056084A /* Components */,
				C7B690412AAD59050056084A /* ViewController.swift */,
				C7B690432AAD59050056084A /* Main.storyboard */,
			);
			path = turtle_interview_project;
			sourceTree = "<group>";
		};
		C7B690512AAD6CD50056084A /* Components */ = {
			isa = PBXGroup;
			children = (
				C7B690562AAD71870056084A /* StatusBarView.swift */,
				C7B690582AAD73220056084A /* StatusBarView.xib */,
			);
			path = Components;
			sourceTree = "<group>";
		};
		C7B6905A2AAD773F0056084A /* Helper */ = {
			isa = PBXGroup;
			children = (
				C7B6905B2AAD77530056084A /* NibOwnerLoadable.swift */,
			);
			path = Helper;
			sourceTree = "<group>";
		};
		C7B6905D2AAD86890056084A /* SupportingFiles */ = {
			isa = PBXGroup;
			children = (
				C7B6903D2AAD59050056084A /* AppDelegate.swift */,
				C7B6903F2AAD59050056084A /* SceneDelegate.swift */,
				C7B690462AAD59060056084A /* Assets.xcassets */,
				C7B6904B2AAD59060056084A /* Info.plist */,
				C7B690482AAD59060056084A /* LaunchScreen.storyboard */,
			);
			path = SupportingFiles;
			sourceTree = "<group>";
		};
/* End PBXGroup section */

/* Begin PBXNativeTarget section */
		C7B690392AAD59050056084A /* turtle_interview_project */ = {
			isa = PBXNativeTarget;
			buildConfigurationList = C7B6904E2AAD59060056084A /* Build configuration list for PBXNativeTarget "turtle_interview_project" */;
			buildPhases = (
				C7B690362AAD59050056084A /* Sources */,
				C7B690372AAD59050056084A /* Frameworks */,
				C7B690382AAD59050056084A /* Resources */,
			);
			buildRules = (
			);
			dependencies = (
			);
			name = turtle_interview_project;
			productName = turtle_interview_project;
			productReference = C7B6903A2AAD59050056084A /* turtle_interview_project.app */;
			productType = "com.apple.product-type.application";
		};
/* End PBXNativeTarget section */

/* Begin PBXProject section */
		C7B690322AAD59050056084A /* Project object */ = {
			isa = PBXProject;
			attributes = {
				BuildIndependentTargetsInParallel = 1;
				LastSwiftUpdateCheck = 1430;
				LastUpgradeCheck = 1430;
				TargetAttributes = {
					C7B690392AAD59050056084A = {
						CreatedOnToolsVersion = 14.3;
					};
				};
			};
			buildConfigurationList = C7B690352AAD59050056084A /* Build configuration list for PBXProject "turtle_interview_project" */;
			compatibilityVersion = "Xcode 14.0";
			developmentRegion = en;
			hasScannedForEncodings = 0;
			knownRegions = (
				en,
				Base,
			);
			mainGroup = C7B690312AAD59050056084A;
			productRefGroup = C7B6903B2AAD59050056084A /* Products */;
			projectDirPath = "";
			projectRoot = "";
			targets = (
				C7B690392AAD59050056084A /* turtle_interview_project */,
			);
		};
/* End PBXProject section */

/* Begin PBXResourcesBuildPhase section */
		C7B690382AAD59050056084A /* Resources */ = {
			isa = PBXResourcesBuildPhase;
			buildActionMask = 2147483647;
			files = (
				C7B6904A2AAD59060056084A /* LaunchScreen.storyboard in Resources */,
				C7B690472AAD59060056084A /* Assets.xcassets in Resources */,
				C7B690592AAD73220056084A /* StatusBarView.xib in Resources */,
				C7B690452AAD59050056084A /* Main.storyboard in Resources */,
			);
			runOnlyForDeploymentPostprocessing = 0;
		};
/* End PBXResourcesBuildPhase section */

/* Begin PBXSourcesBuildPhase section */
		C7B690362AAD59050056084A /* Sources */ = {
			isa = PBXSourcesBuildPhase;
			buildActionMask = 2147483647;
			files = (
				C7B6905C2AAD77530056084A /* NibOwnerLoadable.swift in Sources */,
				C7B690572AAD71870056084A /* StatusBarView.swift in Sources */,
				C7B690422AAD59050056084A /* ViewController.swift in Sources */,
				C7B6903E2AAD59050056084A /* AppDelegate.swift in Sources */,
				C7B690402AAD59050056084A /* SceneDelegate.swift in Sources */,
			);
			runOnlyForDeploymentPostprocessing = 0;
		};
/* End PBXSourcesBuildPhase section */

/* Begin PBXVariantGroup section */
		C7B690432AAD59050056084A /* Main.storyboard */ = {
			isa = PBXVariantGroup;
			children = (
				C7B690442AAD59050056084A /* Base */,
			);
			name = Main.storyboard;
			sourceTree = "<group>";
		};
		C7B690482AAD59060056084A /* LaunchScreen.storyboard */ = {
			isa = PBXVariantGroup;
			children = (
				C7B690492AAD59060056084A /* Base */,
			);
			name = LaunchScreen.storyboard;
			sourceTree = "<group>";
		};
/* End PBXVariantGroup section */

/* Begin XCBuildConfiguration section */
		C7B6904C2AAD59060056084A /* Debug */ = {
			isa = XCBuildConfiguration;
			buildSettings = {
				ALWAYS_SEARCH_USER_PATHS = NO;
				CLANG_ANALYZER_NONNULL = YES;
				CLANG_ANALYZER_NUMBER_OBJECT_CONVERSION = YES_AGGRESSIVE;
				CLANG_CXX_LANGUAGE_STANDARD = "gnu++20";
				CLANG_ENABLE_MODULES = YES;
				CLANG_ENABLE_OBJC_ARC = YES;
				CLANG_ENABLE_OBJC_WEAK = YES;
				CLANG_WARN_BLOCK_CAPTURE_AUTORELEASING = YES;
				CLANG_WARN_BOOL_CONVERSION = YES;
				CLANG_WARN_COMMA = YES;
				CLANG_WARN_CONSTANT_CONVERSION = YES;
				CLANG_WARN_DEPRECATED_OBJC_IMPLEMENTATIONS = YES;
				CLANG_WARN_DIRECT_OBJC_ISA_USAGE = YES_ERROR;
				CLANG_WARN_DOCUMENTATION_COMMENTS = YES;
				CLANG_WARN_EMPTY_BODY = YES;
				CLANG_WARN_ENUM_CONVERSION = YES;
				CLANG_WARN_INFINITE_RECURSION = YES;
				CLANG_WARN_INT_CONVERSION = YES;
				CLANG_WARN_NON_LITERAL_NULL_CONVERSION = YES;
				CLANG_WARN_OBJC_IMPLICIT_RETAIN_SELF = YES;
				CLANG_WARN_OBJC_LITERAL_CONVERSION = YES;
				CLANG_WARN_OBJC_ROOT_CLASS = YES_ERROR;
				CLANG_WARN_QUOTED_INCLUDE_IN_FRAMEWORK_HEADER = YES;
				CLANG_WARN_RANGE_LOOP_ANALYSIS = YES;
				CLANG_WARN_STRICT_PROTOTYPES = YES;
				CLANG_WARN_SUSPICIOUS_MOVE = YES;
				CLANG_WARN_UNGUARDED_AVAILABILITY = YES_AGGRESSIVE;
				CLANG_WARN_UNREACHABLE_CODE = YES;
				CLANG_WARN__DUPLICATE_METHOD_MATCH = YES;
				COPY_PHASE_STRIP = NO;
				DEBUG_INFORMATION_FORMAT = dwarf;
				ENABLE_STRICT_OBJC_MSGSEND = YES;
				ENABLE_TESTABILITY = YES;
				GCC_C_LANGUAGE_STANDARD = gnu11;
				GCC_DYNAMIC_NO_PIC = NO;
				GCC_NO_COMMON_BLOCKS = YES;
				GCC_OPTIMIZATION_LEVEL = 0;
				GCC_PREPROCESSOR_DEFINITIONS = (
					"DEBUG=1",
					"$(inherited)",
				);
				GCC_WARN_64_TO_32_BIT_CONVERSION = YES;
				GCC_WARN_ABOUT_RETURN_TYPE = YES_ERROR;
				GCC_WARN_UNDECLARED_SELECTOR = YES;
				GCC_WARN_UNINITIALIZED_AUTOS = YES_AGGRESSIVE;
				GCC_WARN_UNUSED_FUNCTION = YES;
				GCC_WARN_UNUSED_VARIABLE = YES;
				IPHONEOS_DEPLOYMENT_TARGET = 15.0;
				MTL_ENABLE_DEBUG_INFO = INCLUDE_SOURCE;
				MTL_FAST_MATH = YES;
				ONLY_ACTIVE_ARCH = YES;
				SDKROOT = iphoneos;
				SWIFT_ACTIVE_COMPILATION_CONDITIONS = DEBUG;
				SWIFT_OPTIMIZATION_LEVEL = "-Onone";
			};
			name = Debug;
		};
		C7B6904D2AAD59060056084A /* Release */ = {
			isa = XCBuildConfiguration;
			buildSettings = {
				ALWAYS_SEARCH_USER_PATHS = NO;
				CLANG_ANALYZER_NONNULL = YES;
				CLANG_ANALYZER_NUMBER_OBJECT_CONVERSION = YES_AGGRESSIVE;
				CLANG_CXX_LANGUAGE_STANDARD = "gnu++20";
				CLANG_ENABLE_MODULES = YES;
				CLANG_ENABLE_OBJC_ARC = YES;
				CLANG_ENABLE_OBJC_WEAK = YES;
				CLANG_WARN_BLOCK_CAPTURE_AUTORELEASING = YES;
				CLANG_WARN_BOOL_CONVERSION = YES;
				CLANG_WARN_COMMA = YES;
				CLANG_WARN_CONSTANT_CONVERSION = YES;
				CLANG_WARN_DEPRECATED_OBJC_IMPLEMENTATIONS = YES;
				CLANG_WARN_DIRECT_OBJC_ISA_USAGE = YES_ERROR;
				CLANG_WARN_DOCUMENTATION_COMMENTS = YES;
				CLANG_WARN_EMPTY_BODY = YES;
				CLANG_WARN_ENUM_CONVERSION = YES;
				CLANG_WARN_INFINITE_RECURSION = YES;
				CLANG_WARN_INT_CONVERSION = YES;
				CLANG_WARN_NON_LITERAL_NULL_CONVERSION = YES;
				CLANG_WARN_OBJC_IMPLICIT_RETAIN_SELF = YES;
				CLANG_WARN_OBJC_LITERAL_CONVERSION = YES;
				CLANG_WARN_OBJC_ROOT_CLASS = YES_ERROR;
				CLANG_WARN_QUOTED_INCLUDE_IN_FRAMEWORK_HEADER = YES;
				CLANG_WARN_RANGE_LOOP_ANALYSIS = YES;
				CLANG_WARN_STRICT_PROTOTYPES = YES;
				CLANG_WARN_SUSPICIOUS_MOVE = YES;
				CLANG_WARN_UNGUARDED_AVAILABILITY = YES_AGGRESSIVE;
				CLANG_WARN_UNREACHABLE_CODE = YES;
				CLANG_WARN__DUPLICATE_METHOD_MATCH = YES;
				COPY_PHASE_STRIP = NO;
				DEBUG_INFORMATION_FORMAT = "dwarf-with-dsym";
				ENABLE_NS_ASSERTIONS = NO;
				ENABLE_STRICT_OBJC_MSGSEND = YES;
				GCC_C_LANGUAGE_STANDARD = gnu11;
				GCC_NO_COMMON_BLOCKS = YES;
				GCC_WARN_64_TO_32_BIT_CONVERSION = YES;
				GCC_WARN_ABOUT_RETURN_TYPE = YES_ERROR;
				GCC_WARN_UNDECLARED_SELECTOR = YES;
				GCC_WARN_UNINITIALIZED_AUTOS = YES_AGGRESSIVE;
				GCC_WARN_UNUSED_FUNCTION = YES;
				GCC_WARN_UNUSED_VARIABLE = YES;
				IPHONEOS_DEPLOYMENT_TARGET = 15.0;
				MTL_ENABLE_DEBUG_INFO = NO;
				MTL_FAST_MATH = YES;
				SDKROOT = iphoneos;
				SWIFT_COMPILATION_MODE = wholemodule;
				SWIFT_OPTIMIZATION_LEVEL = "-O";
				VALIDATE_PRODUCT = YES;
			};
			name = Release;
		};
		C7B6904F2AAD59060056084A /* Debug */ = {
			isa = XCBuildConfiguration;
			buildSettings = {
				ASSETCATALOG_COMPILER_APPICON_NAME = AppIcon;
				ASSETCATALOG_COMPILER_GLOBAL_ACCENT_COLOR_NAME = AccentColor;
				CODE_SIGN_STYLE = Automatic;
				CURRENT_PROJECT_VERSION = 1;
				DEVELOPMENT_TEAM = 4752TZW2QV;
				GENERATE_INFOPLIST_FILE = YES;
				INFOPLIST_FILE = turtle_interview_project/Info.plist;
				INFOPLIST_KEY_UIApplicationSupportsIndirectInputEvents = YES;
				INFOPLIST_KEY_UILaunchStoryboardName = LaunchScreen;
				INFOPLIST_KEY_UIMainStoryboardFile = Main;
				INFOPLIST_KEY_UISupportedInterfaceOrientations = UIInterfaceOrientationPortrait;
				IPHONEOS_DEPLOYMENT_TARGET = 15.0;
				LD_RUNPATH_SEARCH_PATHS = (
					"$(inherited)",
					"@executable_path/Frameworks",
				);
				MARKETING_VERSION = 1.0;
				PRODUCT_BUNDLE_IDENTIFIER = "com.StephenApp.turtle-interview-project";
				PRODUCT_NAME = "$(TARGET_NAME)";
				SWIFT_EMIT_LOC_STRINGS = YES;
				SWIFT_VERSION = 5.0;
				TARGETED_DEVICE_FAMILY = "1,2";
			};
			name = Debug;
		};
		C7B690502AAD59060056084A /* Release */ = {
			isa = XCBuildConfiguration;
			buildSettings = {
				ASSETCATALOG_COMPILER_APPICON_NAME = AppIcon;
				ASSETCATALOG_COMPILER_GLOBAL_ACCENT_COLOR_NAME = AccentColor;
				CODE_SIGN_STYLE = Automatic;
				CURRENT_PROJECT_VERSION = 1;
				DEVELOPMENT_TEAM = 4752TZW2QV;
				GENERATE_INFOPLIST_FILE = YES;
				INFOPLIST_FILE = turtle_interview_project/Info.plist;
				INFOPLIST_KEY_UIApplicationSupportsIndirectInputEvents = YES;
				INFOPLIST_KEY_UILaunchStoryboardName = LaunchScreen;
				INFOPLIST_KEY_UIMainStoryboardFile = Main;
				INFOPLIST_KEY_UISupportedInterfaceOrientations = UIInterfaceOrientationPortrait;
				IPHONEOS_DEPLOYMENT_TARGET = 15.0;
				LD_RUNPATH_SEARCH_PATHS = (
					"$(inherited)",
					"@executable_path/Frameworks",
				);
				MARKETING_VERSION = 1.0;
				PRODUCT_BUNDLE_IDENTIFIER = "com.StephenApp.turtle-interview-project";
				PRODUCT_NAME = "$(TARGET_NAME)";
				SWIFT_EMIT_LOC_STRINGS = YES;
				SWIFT_VERSION = 5.0;
				TARGETED_DEVICE_FAMILY = "1,2";
			};
			name = Release;
		};
/* End XCBuildConfiguration section */

/* Begin XCConfigurationList section */
		C7B690352AAD59050056084A /* Build configuration list for PBXProject "turtle_interview_project" */ = {
			isa = XCConfigurationList;
			buildConfigurations = (
				C7B6904C2AAD59060056084A /* Debug */,
				C7B6904D2AAD59060056084A /* Release */,
			);
			defaultConfigurationIsVisible = 0;
			defaultConfigurationName = Release;
		};
		C7B6904E2AAD59060056084A /* Build configuration list for PBXNativeTarget "turtle_interview_project" */ = {
			isa = XCConfigurationList;
			buildConfigurations = (
				C7B6904F2AAD59060056084A /* Debug */,
				C7B690502AAD59060056084A /* Release */,
			);
			defaultConfigurationIsVisible = 0;
			defaultConfigurationName = Release;
		};
/* End XCConfigurationList section */
	};
	rootObject = C7B690322AAD59050056084A /* Project object */;
}
